
Microsoft Visual Studio Solution File, Format Version 12.00
# Visual Studio Version 17
VisualStudioVersion = 17.14.36930.0 d17.14
MinimumVisualStudioVersion = 10.0.40219.1
Project("{FAE04EC0-301F-11D3-BF4B-00C04F79EFBC}") = "ApiAlumnos2026", "ApiAlumnos2026.csproj", "{A20CC680-04AC-4CD5-ACE5-E831A60D46E9}"
EndProject
Global
	GlobalSection(SolutionConfigurationPlatforms) = preSolution
		Debug|Any CPU = Debug|Any CPU
		Release|Any CPU = Release|Any CPU
	EndGlobalSection
	GlobalSection(ProjectConfigurationPlatforms) = postSolution
		{A20CC680-04AC-4CD5-ACE5-E831A60D46E9}.Debug|Any CPU.ActiveCfg = Debug|Any CPU
		{A20CC680-04AC-4CD5-ACE5-E831A60D46E9}.Debug|Any CPU.Build.0 = Debug|Any CPU
		{A20CC680-04AC-4CD5-ACE5-E831A60D46E9}.Release|Any CPU.ActiveCfg = Release|Any CPU
		{A20CC680-04AC-4CD5-ACE5-E831A60D46E9}.Release|Any CPU.Build.0 = Release|Any CPU
	EndGlobalSection
	GlobalSection(SolutionProperties) = preSolution
		HideSolutionNode = FALSE
	EndGlobalSection
	GlobalSection(ExtensibilityGlobals) = postSolution
		SolutionGuid = {8F30675B-0158-4099-A095-EF00384F8DA8}
	EndGlobalSection
EndGlobal
